
Microsoft Visual Studio Solution File, Format Version 12.00
# Visual Studio Version 17
VisualStudioVersion = 17.6.33815.320
MinimumVisualStudioVersion = 10.0.40219.1
Project("{9A19103F-16F7-4668-BE54-9A1E7A4F7556}") = "Test", "Test\Test.csproj", "{902385A6-4F32-432F-B397-204DE8147BE4}"
EndProject
Project("{FAE04EC0-301F-11D3-BF4B-00C04F79EFBC}") = "AngleCalculator", "AngleCalculator\AngleCalculator.csproj", "{901481DA-6D19-4C2E-9482-1DB8E50A6A61}"
EndProject
Project("{FAE04EC0-301F-11D3-BF4B-00C04F79EFBC}") = "CircleCalculator", "CircleCalculator\CircleCalculator.csproj", "{DDF36077-DB51-44C0-9AFE-36DEE60DF6C0}"
EndProject
Project("{FAE04EC0-301F-11D3-BF4B-00C04F79EFBC}") = "IntervalData", "IntervalData\IntervalData.csproj", "{C729DB1A-FB1A-483C-BC1B-874C5C4CCBF8}"
EndProject
Project("{FAE04EC0-301F-11D3-BF4B-00C04F79EFBC}") = "NormalCalculator", "NormalCalculator\NormalCalculator.csproj", "{AC81C83D-DA8B-46F1-BF34-A18D487C0DA7}"
EndProject
Project("{FAE04EC0-301F-11D3-BF4B-00C04F79EFBC}") = "三角形向量计算", "三角形向量计算\三角形向量计算.csproj", "{A12B80F6-3A54-484A-AD73-66D8B08CB8E1}"
EndProject
Project("{2150E333-8FDC-42A3-9474-1A3956D46DE8}") = "计算", "计算", "{AF433DB8-65FB-47F9-ABF1-E6E5A373FF75}"
EndProject
Project("{9A19103F-16F7-4668-BE54-9A1E7A4F7556}") = "jiSuan", "jisuan\jiSuan.csproj", "{AB214840-2E37-4543-861E-46D96AB9AD98}"
EndProject
Project("{9A19103F-16F7-4668-BE54-9A1E7A4F7556}") = "jiSuanTest", "jiSuanTest\jiSuanTest.csproj", "{ABCB6875-DE74-4CA0-94EA-1820A51D5DEC}"
EndProject
Project("{FAE04EC0-301F-11D3-BF4B-00C04F79EFBC}") = "搭接接头坐标", "搭接接头坐标\搭接接头坐标.csproj", "{FC285A34-DCFE-41A5-8805-027DA7ADC00B}"
EndProject
Project("{FAE04EC0-301F-11D3-BF4B-00C04F79EFBC}") = "坐标计算", "坐标计算\坐标计算.csproj", "{985FC9D6-AFA3-40FD-825B-9E63D5837665}"
EndProject
Project("{FAE04EC0-301F-11D3-BF4B-00C04F79EFBC}") = "水果方案", "水果方案\水果方案.csproj", "{3FB5B4D6-4414-488A-8A36-C7270D41B175}"
EndProject
Project("{9A19103F-16F7-4668-BE54-9A1E7A4F7556}") = "委托", "委托\委托.csproj", "{17F37D9D-FF58-4851-BB80-C4C0813E2102}"
EndProject
Project("{9A19103F-16F7-4668-BE54-9A1E7A4F7556}") = "委托2", "委托2\委托2.csproj", "{65A2A432-288A-4DD7-BF1B-72A08387DF54}"
EndProject
Project("{FAE04EC0-301F-11D3-BF4B-00C04F79EFBC}") = "筛选1", "筛选1\筛选1.csproj", "{A83AD7FA-0995-4844-8E10-6778D6905041}"
EndProject
Project("{FAE04EC0-301F-11D3-BF4B-00C04F79EFBC}") = "筛选2", "筛选2\筛选2.csproj", "{D6AFCFFF-7045-4351-89B1-ECAEAC0092E1}"
EndProject
Global
	GlobalSection(SolutionConfigurationPlatforms) = preSolution
		Debug|Any CPU = Debug|Any CPU
		Release|Any CPU = Release|Any CPU
	EndGlobalSection
	GlobalSection(ProjectConfigurationPlatforms) = postSolution
		{902385A6-4F32-432F-B397-204DE8147BE4}.Debug|Any CPU.ActiveCfg = Debug|Any CPU
		{902385A6-4F32-432F-B397-204DE8147BE4}.Debug|Any CPU.Build.0 = Debug|Any CPU
		{902385A6-4F32-432F-B397-204DE8147BE4}.Release|Any CPU.ActiveCfg = Release|Any CPU
		{902385A6-4F32-432F-B397-204DE8147BE4}.Release|Any CPU.Build.0 = Release|Any CPU
		{901481DA-6D19-4C2E-9482-1DB8E50A6A61}.Debug|Any CPU.ActiveCfg = Debug|Any CPU
		{901481DA-6D19-4C2E-9482-1DB8E50A6A61}.Debug|Any CPU.Build.0 = Debug|Any CPU
		{901481DA-6D19-4C2E-9482-1DB8E50A6A61}.Release|Any CPU.ActiveCfg = Release|Any CPU
		{901481DA-6D19-4C2E-9482-1DB8E50A6A61}.Release|Any CPU.Build.0 = Release|Any CPU
		{DDF36077-DB51-44C0-9AFE-36DEE60DF6C0}.Debug|Any CPU.ActiveCfg = Debug|Any CPU
		{DDF36077-DB51-44C0-9AFE-36DEE60DF6C0}.Debug|Any CPU.Build.0 = Debug|Any CPU
		{DDF36077-DB51-44C0-9AFE-36DEE60DF6C0}.Release|Any CPU.ActiveCfg = Release|Any CPU
		{DDF36077-DB51-44C0-9AFE-36DEE60DF6C0}.Release|Any CPU.Build.0 = Release|Any CPU
		{C729DB1A-FB1A-483C-BC1B-874C5C4CCBF8}.Debug|Any CPU.ActiveCfg = Debug|Any CPU
		{C729DB1A-FB1A-483C-BC1B-874C5C4CCBF8}.Debug|Any CPU.Build.0 = Debug|Any CPU
		{C729DB1A-FB1A-483C-BC1B-874C5C4CCBF8}.Release|Any CPU.ActiveCfg = Release|Any CPU
		{C729DB1A-FB1A-483C-BC1B-874C5C4CCBF8}.Release|Any CPU.Build.0 = Release|Any CPU
		{AC81C83D-DA8B-46F1-BF34-A18D487C0DA7}.Debug|Any CPU.ActiveCfg = Debug|Any CPU
		{AC81C83D-DA8B-46F1-BF34-A18D487C0DA7}.Debug|Any CPU.Build.0 = Debug|Any CPU
		{AC81C83D-DA8B-46F1-BF34-A18D487C0DA7}.Release|Any CPU.ActiveCfg = Release|Any CPU
		{AC81C83D-DA8B-46F1-BF34-A18D487C0DA7}.Release|Any CPU.Build.0 = Release|Any CPU
		{A12B80F6-3A54-484A-AD73-66D8B08CB8E1}.Debug|Any CPU.ActiveCfg = Debug|Any CPU
		{A12B80F6-3A54-484A-AD73-66D8B08CB8E1}.Debug|Any CPU.Build.0 = Debug|Any CPU
		{A12B80F6-3A54-484A-AD73-66D8B08CB8E1}.Release|Any CPU.ActiveCfg = Release|Any CPU
		{A12B80F6-3A54-484A-AD73-66D8B08CB8E1}.Release|Any CPU.Build.0 = Release|Any CPU
		{AB214840-2E37-4543-861E-46D96AB9AD98}.Debug|Any CPU.ActiveCfg = Debug|Any CPU
		{AB214840-2E37-4543-861E-46D96AB9AD98}.Debug|Any CPU.Build.0 = Debug|Any CPU
		{AB214840-2E37-4543-861E-46D96AB9AD98}.Release|Any CPU.ActiveCfg = Release|Any CPU
		{AB214840-2E37-4543-861E-46D96AB9AD98}.Release|Any CPU.Build.0 = Release|Any CPU
		{ABCB6875-DE74-4CA0-94EA-1820A51D5DEC}.Debug|Any CPU.ActiveCfg = Debug|Any CPU
		{ABCB6875-DE74-4CA0-94EA-1820A51D5DEC}.Debug|Any CPU.Build.0 = Debug|Any CPU
		{ABCB6875-DE74-4CA0-94EA-1820A51D5DEC}.Release|Any CPU.ActiveCfg = Release|Any CPU
		{ABCB6875-DE74-4CA0-94EA-1820A51D5DEC}.Release|Any CPU.Build.0 = Release|Any CPU
		{FC285A34-DCFE-41A5-8805-027DA7ADC00B}.Debug|Any CPU.ActiveCfg = Debug|Any CPU
		{FC285A34-DCFE-41A5-8805-027DA7ADC00B}.Debug|Any CPU.Build.0 = Debug|Any CPU
		{FC285A34-DCFE-41A5-8805-027DA7ADC00B}.Release|Any CPU.ActiveCfg = Release|Any CPU
		{FC285A34-DCFE-41A5-8805-027DA7ADC00B}.Release|Any CPU.Build.0 = Release|Any CPU
		{985FC9D6-AFA3-40FD-825B-9E63D5837665}.Debug|Any CPU.ActiveCfg = Debug|Any CPU
		{985FC9D6-AFA3-40FD-825B-9E63D5837665}.Debug|Any CPU.Build.0 = Debug|Any CPU
		{985FC9D6-AFA3-40FD-825B-9E63D5837665}.Release|Any CPU.ActiveCfg = Release|Any CPU
		{985FC9D6-AFA3-40FD-825B-9E63D5837665}.Release|Any CPU.Build.0 = Release|Any CPU
		{3FB5B4D6-4414-488A-8A36-C7270D41B175}.Debug|Any CPU.ActiveCfg = Debug|Any CPU
		{3FB5B4D6-4414-488A-8A36-C7270D41B175}.Debug|Any CPU.Build.0 = Debug|Any CPU
		{3FB5B4D6-4414-488A-8A36-C7270D41B175}.Release|Any CPU.ActiveCfg = Release|Any CPU
		{3FB5B4D6-4414-488A-8A36-C7270D41B175}.Release|Any CPU.Build.0 = Release|Any CPU
		{17F37D9D-FF58-4851-BB80-C4C0813E2102}.Debug|Any CPU.ActiveCfg = Debug|Any CPU
		{17F37D9D-FF58-4851-BB80-C4C0813E2102}.Debug|Any CPU.Build.0 = Debug|Any CPU
		{17F37D9D-FF58-4851-BB80-C4C0813E2102}.Release|Any CPU.ActiveCfg = Release|Any CPU
		{17F37D9D-FF58-4851-BB80-C4C0813E2102}.Release|Any CPU.Build.0 = Release|Any CPU
		{65A2A432-288A-4DD7-BF1B-72A08387DF54}.Debug|Any CPU.ActiveCfg = Debug|Any CPU
		{65A2A432-288A-4DD7-BF1B-72A08387DF54}.Debug|Any CPU.Build.0 = Debug|Any CPU
		{65A2A432-288A-4DD7-BF1B-72A08387DF54}.Release|Any CPU.ActiveCfg = Release|Any CPU
		{65A2A432-288A-4DD7-BF1B-72A08387DF54}.Release|Any CPU.Build.0 = Release|Any CPU
		{A83AD7FA-0995-4844-8E10-6778D6905041}.Debug|Any CPU.ActiveCfg = Debug|Any CPU
		{A83AD7FA-0995-4844-8E10-6778D6905041}.Debug|Any CPU.Build.0 = Debug|Any CPU
		{A83AD7FA-0995-4844-8E10-6778D6905041}.Release|Any CPU.ActiveCfg = Release|Any CPU
		{A83AD7FA-0995-4844-8E10-6778D6905041}.Release|Any CPU.Build.0 = Release|Any CPU
		{D6AFCFFF-7045-4351-89B1-ECAEAC0092E1}.Debug|Any CPU.ActiveCfg = Debug|Any CPU
		{D6AFCFFF-7045-4351-89B1-ECAEAC0092E1}.Debug|Any CPU.Build.0 = Debug|Any CPU
		{D6AFCFFF-7045-4351-89B1-ECAEAC0092E1}.Release|Any CPU.ActiveCfg = Release|Any CPU
		{D6AFCFFF-7045-4351-89B1-ECAEAC0092E1}.Release|Any CPU.Build.0 = Release|Any CPU
	EndGlobalSection
	GlobalSection(SolutionProperties) = preSolution
		HideSolutionNode = FALSE
	EndGlobalSection
	GlobalSection(NestedProjects) = preSolution
		{AB214840-2E37-4543-861E-46D96AB9AD98} = {AF433DB8-65FB-47F9-ABF1-E6E5A373FF75}
		{ABCB6875-DE74-4CA0-94EA-1820A51D5DEC} = {AF433DB8-65FB-47F9-ABF1-E6E5A373FF75}
	EndGlobalSection
	GlobalSection(ExtensibilityGlobals) = postSolution
		SolutionGuid = {AC0A21D4-98C6-41C2-AF93-6889F8B2A07A}
	EndGlobalSection
EndGlobal
